{
  "version": 1,
  "dependencies": {
    "net6.0": {
      "Arbor.KVConfiguration.Schema.Json": {
        "type": "Direct",
        "requested": "[*, )",
        "resolved": "1.2.0",
        "contentHash": "3kk22WVAaz9jr+iFvYLVwvHQPOwItcmBMCHdDYXxBLBBTXR0mCgEctVCxs1VkAB9vShdEVcBflTvD6FKz91WLg==",
        "dependencies": {
          "Arbor.KVConfiguration.Core": "[1.1.6, 2.0.0)",
          "Newtonsoft.Json": "12.0.1"
        }
      },
      "JetBrains.Annotations": {
        "type": "Direct",
        "requested": "[*, )",
        "resolved": "2021.2.0",
        "contentHash": "kKSyoVfndMriKHLfYGmr0uzQuI4jcc3TKGyww7buJFCYeHb/X0kodYBPL7n9454q7v6ASiRmDgpPGaDGerg/Hg=="
      },
      "Microsoft.Extensions.Primitives": {
        "type": "Direct",
        "requested": "[*, )",
        "resolved": "5.0.1",
        "contentHash": "5WPSmL4YeP7eW+Vc8XZ4DwjYWBAiSwDV9Hm63JJWcz1Ie3Xjv4KuJXzgCstj48LkLfVCYa7mLcx7y+q6yqVvtw=="
      },
      "Newtonsoft.Json": {
        "type": "Direct",
        "requested": "[*, )",
        "resolved": "13.0.1",
        "contentHash": "ppPFpBcvxdsfUonNcvITKqLl3bqxWbDCZIzDWHzjpdAHRFfZe0Dw9HmA0+za13IdyrgJwpkDTDA9fHaxOrt20A=="
      },
      "System.Collections.Immutable": {
        "type": "Direct",
        "requested": "[*, )",
        "resolved": "5.0.0",
        "contentHash": "FXkLXiK0sVVewcso0imKQoOxjoPAj42R8HtjjbSjVPAzwDfzoyoznWxgA3c38LDbN9SJux1xXoXYAhz98j7r2g=="
      },
      "System.IdentityModel.Tokens.Jwt": {
        "type": "Direct",
        "requested": "[*, )",
        "resolved": "6.13.1",
        "contentHash": "BTVPnmvqpKxv+ucl3Ii7HnRVvXvfm/P5iq3rnTnJ0YuneZUS7zGtE+DRrVQWSd431ntjZuHBGPbjaB+nCSq9Uw==",
        "dependencies": {
          "Microsoft.IdentityModel.JsonWebTokens": "6.13.1",
          "Microsoft.IdentityModel.Tokens": "6.13.1"
        }
      },
      "Arbor.KVConfiguration.Core": {
        "type": "Transitive",
        "resolved": "1.1.6",
        "contentHash": "DS3rU/45Me+4BMtXdJBMiMHiF7aUQof94tuRVBMnDQa+6fbYfRkwFcSXJZzDA6viDvqbcx7jTxSr59nVO3KXkA==",
        "dependencies": {
          "Microsoft.Extensions.Primitives": "[3.0.0, 6.0.0)",
          "System.Collections.Immutable": "[1.5.0, 6.0.0)"
        }
      },
      "Microsoft.CSharp": {
        "type": "Transitive",
        "resolved": "4.5.0",
        "contentHash": "kaj6Wb4qoMuH3HySFJhxwQfe8R/sJsNJnANrvv8WdFPMoNbKY5htfNscv+LHCu5ipz+49m2e+WQXpLXr9XYemQ=="
      },
      "Microsoft.IdentityModel.JsonWebTokens": {
        "type": "Transitive",
        "resolved": "6.13.1",
        "contentHash": "seLGCIo8bDz93PGgKY9vV4PAHpu1iXwH4Xm6O+HOJbIcnpiJz4f4C/MVFKfOb+yKGMtix2qyFkQMKOdVmArn0Q==",
        "dependencies": {
          "Microsoft.IdentityModel.Tokens": "6.13.1"
        }
      },
      "Microsoft.IdentityModel.Logging": {
        "type": "Transitive",
        "resolved": "6.13.1",
        "contentHash": "pUr0kicIy3cNgrapB7old+N+OithDcowO/uqOg/z9dMC8u25/1YS7QirJWKi/0z31fBOE/uEFBHfSfnRCKRxsA=="
      },
      "Microsoft.IdentityModel.Tokens": {
        "type": "Transitive",
        "resolved": "6.13.1",
        "contentHash": "tUTbP9/wMuOGDiTBPXEN24M9rVAEJ8EOvk4pwoo5UKRNUK3bAZYqkzFpcgNOAY3PHHjwZJ2stk4Gf5jvspz0yg==",
        "dependencies": {
          "Microsoft.CSharp": "4.5.0",
          "Microsoft.IdentityModel.Logging": "6.13.1",
          "System.Security.Cryptography.Cng": "4.5.0"
        }
      },
      "System.Security.Cryptography.Cng": {
        "type": "Transitive",
        "resolved": "4.5.0",
        "contentHash": "WG3r7EyjUe9CMPFSs6bty5doUqT+q9pbI80hlNzo2SkPkZ4VTuZkGWjpp77JB8+uaL4DFPRdBsAY+DX3dBK92A=="
      }
    }
  }
}