{
  "version": 1,
  "dependencies": {
    "net6.0": {
      "Arbor.KVConfiguration.Schema.Json": {
        "type": "Direct",
        "requested": "[2.2.0, )",
        "resolved": "2.2.0",
        "contentHash": "n/ZJIxu3d+u6Os0uU/W8ghL1dkVTD2cUdGd1B2LyDJDQwqn/HFlczc+sXA1g3y0ErW6Ptc4mlwRFfd+XxpbrlQ==",
        "dependencies": {
          "Arbor.KVConfiguration.Core": "[2.0.0, 3.0.0)",
          "Newtonsoft.Json": "12.0.1"
        }
      },
      "JetBrains.Annotations": {
        "type": "Direct",
        "requested": "[*, )",
        "resolved": "2021.3.0",
        "contentHash": "Ddxjs5RRjf+c8m9m++WvhW1lz1bqNhsTjWvCLbQN9bvKbkJeR9MhtfNwKgBRRdG2yLHcXFr5Lf7fsvvkiPaDRg=="
      },
      "Microsoft.Extensions.Primitives": {
        "type": "Direct",
        "requested": "[*, )",
        "resolved": "6.0.0",
        "contentHash": "9+PnzmQFfEFNR9J2aDTfJGGupShHjOuGw4VUv+JB044biSHrnmCIMD+mJHmb2H7YryrfBEXDurxQ47gJZdCKNQ==",
        "dependencies": {
          "System.Runtime.CompilerServices.Unsafe": "6.0.0"
        }
      },
      "Newtonsoft.Json": {
        "type": "Direct",
        "requested": "[*, )",
        "resolved": "13.0.1",
        "contentHash": "ppPFpBcvxdsfUonNcvITKqLl3bqxWbDCZIzDWHzjpdAHRFfZe0Dw9HmA0+za13IdyrgJwpkDTDA9fHaxOrt20A=="
      },
      "System.Collections.Immutable": {
        "type": "Direct",
        "requested": "[*, )",
        "resolved": "6.0.0",
        "contentHash": "l4zZJ1WU2hqpQQHXz1rvC3etVZN+2DLmQMO79FhOTZHMn8tDRr+WU287sbomD0BETlmKDn0ygUgVy9k5xkkJdA==",
        "dependencies": {
          "System.Runtime.CompilerServices.Unsafe": "6.0.0"
        }
      },
      "System.IdentityModel.Tokens.Jwt": {
        "type": "Direct",
        "requested": "[6.15.0, )",
        "resolved": "6.15.0",
        "contentHash": "lzJaeRZE4dvPmH9U65J8z9wsrWghlosNYEqwCTjOh5o/gCHHcTV6P6EcYj7xC22AHPYavYh8IUtIqH5MszW1rA==",
        "dependencies": {
          "Microsoft.IdentityModel.JsonWebTokens": "6.15.0",
          "Microsoft.IdentityModel.Tokens": "6.15.0"
        }
      },
      "Arbor.KVConfiguration.Core": {
        "type": "Transitive",
        "resolved": "2.0.0",
        "contentHash": "SnZ2hvHVAk2PeqkjGD4sZB2IvXuzvEF6TcFlrFLpqRKGZQBiphY6h6/CmIb6sdx/2tcIYvGSXIZIs1X7Jdpxag==",
        "dependencies": {
          "Microsoft.Extensions.Primitives": "[3.0.0, 7.0.0)",
          "System.Collections.Immutable": "[1.5.0, 7.0.0)"
        }
      },
      "Microsoft.CSharp": {
        "type": "Transitive",
        "resolved": "4.5.0",
        "contentHash": "kaj6Wb4qoMuH3HySFJhxwQfe8R/sJsNJnANrvv8WdFPMoNbKY5htfNscv+LHCu5ipz+49m2e+WQXpLXr9XYemQ=="
      },
      "Microsoft.IdentityModel.JsonWebTokens": {
        "type": "Transitive",
        "resolved": "6.15.0",
        "contentHash": "IRFqTyIKV7dxIdFS7B6OYEIq6UweeZgpgHjZSjh8m9zZkBTwR9CIJ3wPalpAmJnkFsVdrUs/wprfCM7yyyd/Zg==",
        "dependencies": {
          "Microsoft.IdentityModel.Tokens": "6.15.0"
        }
      },
      "Microsoft.IdentityModel.Logging": {
        "type": "Transitive",
        "resolved": "6.15.0",
        "contentHash": "C6ipogdUEjMew1pVAqilUARrwIfVafDHD7fSxNacB9CypLDiAa7Sl+sWsJOHYp2mhwo3G5ADhaMueR9uByCeXw=="
      },
      "Microsoft.IdentityModel.Tokens": {
        "type": "Transitive",
        "resolved": "6.15.0",
        "contentHash": "KC7d+0ma56r7XTP6J7WAGaFRiYMLED9qH/Q3TWwpJzvGzAx8afvk/sTWhaquxipTZB/KBIVO6uxpiepcVBd6RA==",
        "dependencies": {
          "Microsoft.CSharp": "4.5.0",
          "Microsoft.IdentityModel.Logging": "6.15.0",
          "System.Security.Cryptography.Cng": "4.5.0"
        }
      },
      "System.Runtime.CompilerServices.Unsafe": {
        "type": "Transitive",
        "resolved": "6.0.0",
        "contentHash": "/iUeP3tq1S0XdNNoMz5C9twLSrM/TH+qElHkXWaPvuNOt+99G75NrV0OS2EqHx5wMN7popYjpc8oTjC1y16DLg=="
      },
      "System.Security.Cryptography.Cng": {
        "type": "Transitive",
        "resolved": "4.5.0",
        "contentHash": "WG3r7EyjUe9CMPFSs6bty5doUqT+q9pbI80hlNzo2SkPkZ4VTuZkGWjpp77JB8+uaL4DFPRdBsAY+DX3dBK92A=="
      }
    }
  }
}