{
  "version": 1,
  "dependencies": {
    "net7.0": {
      "Arbor.KVConfiguration.Schema.Json": {
        "type": "Direct",
        "requested": "[2.4.0, )",
        "resolved": "2.4.0",
        "contentHash": "Fqr04eCUn735JJcqUPsNUnZ+I2e1zSR4fRg0GzQwfiCXdfiGHjuJy6K7xW4fWRUvFrxWED3v1JuXrmPovW8vAA==",
        "dependencies": {
          "Arbor.KVConfiguration.Core": "[2.0.0, 3.0.0)",
          "Newtonsoft.Json": "13.0.1"
        }
      },
      "JetBrains.Annotations": {
        "type": "Direct",
        "requested": "[2022.3.1, )",
        "resolved": "2022.3.1",
        "contentHash": "11nsS3+lFICGkztVs9PP2NRItxf9fF+qD6xEW/T0YGto52zj07wseUeBdMAU1ah9HNVTDZyRC1u4NWdtJScwhw=="
      },
      "Microsoft.Extensions.Primitives": {
        "type": "Direct",
        "requested": "[7.0.0, )",
        "resolved": "7.0.0",
        "contentHash": "um1KU5kxcRp3CNuI8o/GrZtD4AIOXDk+RLsytjZ9QPok3ttLUelLKpilVPuaFT3TFjOhSibUAso0odbOaCDj3Q=="
      },
      "Newtonsoft.Json": {
        "type": "Direct",
        "requested": "[*, )",
        "resolved": "13.0.2",
        "contentHash": "R2pZ3B0UjeyHShm9vG+Tu0EBb2lC8b0dFzV9gVn50ofHXh9Smjk6kTn7A/FdAsC8B5cKib1OnGYOXxRBz5XQDg=="
      },
      "System.Collections.Immutable": {
        "type": "Direct",
        "requested": "[7.0.0, )",
        "resolved": "7.0.0",
        "contentHash": "dQPcs0U1IKnBdRDBkrCTi1FoajSTBzLcVTpjO4MBCMC7f4pDOIPzgBoX8JjG7X6uZRJ8EBxsi8+DR1JuwjnzOQ=="
      },
      "System.IdentityModel.Tokens.Jwt": {
        "type": "Direct",
        "requested": "[6.25.1, )",
        "resolved": "6.25.1",
        "contentHash": "0ypg2Vj2gSm7guuO152Y4kVCyLQ4aZyakAogmZlmB3M5QZTDUW0wjXzKafqAtFBzw+pGWH0bFAfH2FyNt7Uo6A==",
        "dependencies": {
          "Microsoft.IdentityModel.JsonWebTokens": "6.25.1",
          "Microsoft.IdentityModel.Tokens": "6.25.1"
        }
      },
      "Arbor.KVConfiguration.Core": {
        "type": "Transitive",
        "resolved": "2.0.0",
        "contentHash": "SnZ2hvHVAk2PeqkjGD4sZB2IvXuzvEF6TcFlrFLpqRKGZQBiphY6h6/CmIb6sdx/2tcIYvGSXIZIs1X7Jdpxag==",
        "dependencies": {
          "Microsoft.Extensions.Primitives": "[3.0.0, 7.0.0)",
          "System.Collections.Immutable": "[1.5.0, 7.0.0)"
        }
      },
      "Microsoft.CSharp": {
        "type": "Transitive",
        "resolved": "4.5.0",
        "contentHash": "kaj6Wb4qoMuH3HySFJhxwQfe8R/sJsNJnANrvv8WdFPMoNbKY5htfNscv+LHCu5ipz+49m2e+WQXpLXr9XYemQ=="
      },
      "Microsoft.IdentityModel.Abstractions": {
        "type": "Transitive",
        "resolved": "6.25.1",
        "contentHash": "B/WteJwwEuSu4MzTe30w0zfBUi5H9yWiAHACLT5WhLcuyY6WmU82TXY+g55E665/CMxhPCMsPit6Q5PiPBh60w=="
      },
      "Microsoft.IdentityModel.JsonWebTokens": {
        "type": "Transitive",
        "resolved": "6.25.1",
        "contentHash": "xjv7HnGR/b2eU97du1q7aoFWfZUn8mV4lk5XxhEw00DesfXYnehGSnqMCeyMojMbUXckbxVbdbAI0AuWk8FCFw==",
        "dependencies": {
          "Microsoft.IdentityModel.Tokens": "6.25.1",
          "System.Text.Encoding": "4.3.0",
          "System.Text.Json": "4.7.2"
        }
      },
      "Microsoft.IdentityModel.Logging": {
        "type": "Transitive",
        "resolved": "6.25.1",
        "contentHash": "ymv/f8a65m7im+BXTK18XZzFB+x9IIP4l7rEeQ39VH8N5ZxAFTF6J6Nh0lX9Kzr7pWE+CmSd5+TBw0KTohn5CQ==",
        "dependencies": {
          "Microsoft.IdentityModel.Abstractions": "6.25.1"
        }
      },
      "Microsoft.IdentityModel.Tokens": {
        "type": "Transitive",
        "resolved": "6.25.1",
        "contentHash": "QY6V5wMCh+9dcaZnfM2wxlhAbtGLcEy8Mlo7WHQpwM9bNmfuu0P+h+J39zZ46O81yQlT1qZp759LQvlDsNe8dg==",
        "dependencies": {
          "Microsoft.CSharp": "4.5.0",
          "Microsoft.IdentityModel.Logging": "6.25.1",
          "System.Security.Cryptography.Cng": "4.5.0"
        }
      },
      "Microsoft.NETCore.Platforms": {
        "type": "Transitive",
        "resolved": "1.1.0",
        "contentHash": "kz0PEW2lhqygehI/d6XsPCQzD7ff7gUJaVGPVETX611eadGsA3A877GdSlU0LRVMCTH/+P3o2iDTak+S08V2+A=="
      },
      "Microsoft.NETCore.Targets": {
        "type": "Transitive",
        "resolved": "1.1.0",
        "contentHash": "aOZA3BWfz9RXjpzt0sRJJMjAscAUm3Hoa4UWAfceV9UTYxgwZ1lZt5nO2myFf+/jetYQo4uTP7zS8sJY67BBxg=="
      },
      "System.Runtime": {
        "type": "Transitive",
        "resolved": "4.3.0",
        "contentHash": "JufQi0vPQ0xGnAczR13AUFglDyVYt4Kqnz1AZaiKZ5+GICq0/1MH/mO/eAJHt/mHW1zjKBJd7kV26SrxddAhiw==",
        "dependencies": {
          "Microsoft.NETCore.Platforms": "1.1.0",
          "Microsoft.NETCore.Targets": "1.1.0"
        }
      },
      "System.Security.Cryptography.Cng": {
        "type": "Transitive",
        "resolved": "4.5.0",
        "contentHash": "WG3r7EyjUe9CMPFSs6bty5doUqT+q9pbI80hlNzo2SkPkZ4VTuZkGWjpp77JB8+uaL4DFPRdBsAY+DX3dBK92A=="
      },
      "System.Text.Encoding": {
        "type": "Transitive",
        "resolved": "4.3.0",
        "contentHash": "BiIg+KWaSDOITze6jGQynxg64naAPtqGHBwDrLaCtixsa5bKiR8dpPOHA7ge3C0JJQizJE+sfkz1wV+BAKAYZw==",
        "dependencies": {
          "Microsoft.NETCore.Platforms": "1.1.0",
          "Microsoft.NETCore.Targets": "1.1.0",
          "System.Runtime": "4.3.0"
        }
      },
      "System.Text.Json": {
        "type": "Transitive",
        "resolved": "4.7.2",
        "contentHash": "TcMd95wcrubm9nHvJEQs70rC0H/8omiSGGpU4FQ/ZA1URIqD4pjmFJh2Mfv1yH1eHgJDWTi2hMDXwTET+zOOyg=="
      }
    }
  }
}